
Microsoft Visual Studio Solution File, Format Version 12.00
# Visual Studio Version 16
VisualStudioVersion = 16.0.30114.105
MinimumVisualStudioVersion = 10.0.40219.1
Project("{FAE04EC0-301F-11D3-BF4B-00C04F79EFBC}") = "DbFirst", "DbFirst\DbFirst.csproj", "{6DB99DC6-9386-44E7-8473-9EEE5E4B5B7B}"
EndProject
Project("{FAE04EC0-301F-11D3-BF4B-00C04F79EFBC}") = "CodeFirst", "CodeFirst\CodeFirst.csproj", "{556764DD-EFC4-40F4-BCB7-C5B4FBD0F885}"
EndProject
Project("{FAE04EC0-301F-11D3-BF4B-00C04F79EFBC}") = "DataAnnotations", "DataAnnotations\DataAnnotations.csproj", "{351C5F65-C655-4656-8387-1EDBB5F24276}"
EndProject
Project("{FAE04EC0-301F-11D3-BF4B-00C04F79EFBC}") = "FluentApi", "FluentApi\FluentApi.csproj", "{B29B72AA-813E-4646-AAA0-2EC70D384B9B}"
EndProject
Project("{FAE04EC0-301F-11D3-BF4B-00C04F79EFBC}") = "Queries", "Queries\Queries.csproj", "{3AD1639C-CE89-41E6-B14B-467B4822EC85}"
EndProject
Project("{FAE04EC0-301F-11D3-BF4B-00C04F79EFBC}") = "PatternsApi", "PatternsApi\PatternsApi.csproj", "{4E0E9228-0AEA-46CF-B9C5-24766BC95801}"
EndProject
Global
	GlobalSection(SolutionConfigurationPlatforms) = preSolution
		Debug|Any CPU = Debug|Any CPU
		Release|Any CPU = Release|Any CPU
	EndGlobalSection
	GlobalSection(SolutionProperties) = preSolution
		HideSolutionNode = FALSE
	EndGlobalSection
	GlobalSection(ProjectConfigurationPlatforms) = postSolution
		{6DB99DC6-9386-44E7-8473-9EEE5E4B5B7B}.Debug|Any CPU.ActiveCfg = Debug|Any CPU
		{6DB99DC6-9386-44E7-8473-9EEE5E4B5B7B}.Debug|Any CPU.Build.0 = Debug|Any CPU
		{6DB99DC6-9386-44E7-8473-9EEE5E4B5B7B}.Release|Any CPU.ActiveCfg = Release|Any CPU
		{6DB99DC6-9386-44E7-8473-9EEE5E4B5B7B}.Release|Any CPU.Build.0 = Release|Any CPU
		{556764DD-EFC4-40F4-BCB7-C5B4FBD0F885}.Debug|Any CPU.ActiveCfg = Debug|Any CPU
		{556764DD-EFC4-40F4-BCB7-C5B4FBD0F885}.Debug|Any CPU.Build.0 = Debug|Any CPU
		{556764DD-EFC4-40F4-BCB7-C5B4FBD0F885}.Release|Any CPU.ActiveCfg = Release|Any CPU
		{556764DD-EFC4-40F4-BCB7-C5B4FBD0F885}.Release|Any CPU.Build.0 = Release|Any CPU
		{351C5F65-C655-4656-8387-1EDBB5F24276}.Debug|Any CPU.ActiveCfg = Debug|Any CPU
		{351C5F65-C655-4656-8387-1EDBB5F24276}.Debug|Any CPU.Build.0 = Debug|Any CPU
		{351C5F65-C655-4656-8387-1EDBB5F24276}.Release|Any CPU.ActiveCfg = Release|Any CPU
		{351C5F65-C655-4656-8387-1EDBB5F24276}.Release|Any CPU.Build.0 = Release|Any CPU
		{B29B72AA-813E-4646-AAA0-2EC70D384B9B}.Debug|Any CPU.ActiveCfg = Debug|Any CPU
		{B29B72AA-813E-4646-AAA0-2EC70D384B9B}.Debug|Any CPU.Build.0 = Debug|Any CPU
		{B29B72AA-813E-4646-AAA0-2EC70D384B9B}.Release|Any CPU.ActiveCfg = Release|Any CPU
		{B29B72AA-813E-4646-AAA0-2EC70D384B9B}.Release|Any CPU.Build.0 = Release|Any CPU
		{3AD1639C-CE89-41E6-B14B-467B4822EC85}.Debug|Any CPU.ActiveCfg = Debug|Any CPU
		{3AD1639C-CE89-41E6-B14B-467B4822EC85}.Debug|Any CPU.Build.0 = Debug|Any CPU
		{3AD1639C-CE89-41E6-B14B-467B4822EC85}.Release|Any CPU.ActiveCfg = Release|Any CPU
		{3AD1639C-CE89-41E6-B14B-467B4822EC85}.Release|Any CPU.Build.0 = Release|Any CPU
		{4E0E9228-0AEA-46CF-B9C5-24766BC95801}.Debug|Any CPU.ActiveCfg = Debug|Any CPU
		{4E0E9228-0AEA-46CF-B9C5-24766BC95801}.Debug|Any CPU.Build.0 = Debug|Any CPU
		{4E0E9228-0AEA-46CF-B9C5-24766BC95801}.Release|Any CPU.ActiveCfg = Release|Any CPU
		{4E0E9228-0AEA-46CF-B9C5-24766BC95801}.Release|Any CPU.Build.0 = Release|Any CPU
	EndGlobalSection
EndGlobal
